{
  "name": "aerofly-airports",
  "version": "1.0.0",
  "lockfileVersion": 3,
  "requires": true,
  "packages": {
    "": {
      "name": "aerofly-airports",
      "version": "1.0.0",
      "license": "MIT",
      "dependencies": {
        "@fboes/geojson": "^1.0.0",
        "csv-parse": "^5.5.3"
      }
    },
    "node_modules/@fboes/geojson": {
      "version": "1.0.1",
      "resolved": "https://registry.npmjs.org/@fboes/geojson/-/geojson-1.0.1.tgz",
      "integrity": "sha512-K9xRnJkmy6nTkIqIofMhjJ0hIg51hPzfkqcskmBqVjF8FO/TLqZ054cDVDkn+ks8AgQw5uqpQJfhS6MWDFbLjw=="
    },
    "node_modules/csv-parse": {
      "version": "5.5.3",
      "resolved": "https://registry.npmjs.org/csv-parse/-/csv-parse-5.5.3.tgz",
      "integrity": "sha512-v0KW6C0qlZzoGjk6u5tLmVfyZxNgPGXZsWTXshpAgKVGmGXzaVWGdlCFxNx5iuzcXT/oJN1HHM9DZKwtAtYa+A=="
    }
  }
}
